
Microsoft Visual Studio Solution File, Format Version 12.00
# Visual Studio Version 16
VisualStudioVersion = 16.0.30804.86
MinimumVisualStudioVersion = 10.0.40219.1
Project("{FAE04EC0-301F-11D3-BF4B-00C04F79EFBC}") = "PredictableSearch", "PredictableSearch\PredictableSearch.csproj", "{30CE09C4-E3B1-44EA-8082-D5AB84AD9F63}"
EndProject
Project("{FAE04EC0-301F-11D3-BF4B-00C04F79EFBC}") = "PredictableSearchTests", "PredictableSearchTests\PredictableSearchTests.csproj", "{3A999D1E-4F30-4D31-BFF6-9E5CE9F1ED40}"
EndProject
Global
	GlobalSection(SolutionConfigurationPlatforms) = preSolution
		Debug|Any CPU = Debug|Any CPU
		Release|Any CPU = Release|Any CPU
	EndGlobalSection
	GlobalSection(ProjectConfigurationPlatforms) = postSolution
		{30CE09C4-E3B1-44EA-8082-D5AB84AD9F63}.Debug|Any CPU.ActiveCfg = Debug|Any CPU
		{30CE09C4-E3B1-44EA-8082-D5AB84AD9F63}.Debug|Any CPU.Build.0 = Debug|Any CPU
		{30CE09C4-E3B1-44EA-8082-D5AB84AD9F63}.Release|Any CPU.ActiveCfg = Release|Any CPU
		{30CE09C4-E3B1-44EA-8082-D5AB84AD9F63}.Release|Any CPU.Build.0 = Release|Any CPU
		{3A999D1E-4F30-4D31-BFF6-9E5CE9F1ED40}.Debug|Any CPU.ActiveCfg = Debug|Any CPU
		{3A999D1E-4F30-4D31-BFF6-9E5CE9F1ED40}.Debug|Any CPU.Build.0 = Debug|Any CPU
		{3A999D1E-4F30-4D31-BFF6-9E5CE9F1ED40}.Release|Any CPU.ActiveCfg = Release|Any CPU
		{3A999D1E-4F30-4D31-BFF6-9E5CE9F1ED40}.Release|Any CPU.Build.0 = Release|Any CPU
	EndGlobalSection
	GlobalSection(SolutionProperties) = preSolution
		HideSolutionNode = FALSE
	EndGlobalSection
	GlobalSection(ExtensibilityGlobals) = postSolution
		SolutionGuid = {95D891D2-E0AE-4EE8-8CA6-CFCDEBFE66FF}
	EndGlobalSection
EndGlobal
